// !$*UTF8*$!
{
	archiveVersion = 1;
	classes = {
	};
	objectVersion = 46;
	objects = {

/* Begin PBXBuildFile section */
		EA04BC2A1E235272001DDCC2 /* UdacityClientConstants.swift in Sources */ = {isa = PBXBuildFile; fileRef = EA04BC291E235272001DDCC2 /* UdacityClientConstants.swift */; };
		EA092F381E7A4F12002D92FA /* JsonHelper.swift in Sources */ = {isa = PBXBuildFile; fileRef = EA092F371E7A4F12002D92FA /* JsonHelper.swift */; };
		EA4C01671E2730A400CB907D /* MapViewController.swift in Sources */ = {isa = PBXBuildFile; fileRef = EA4C01661E2730A400CB907D /* MapViewController.swift */; };
		EA4C016B1E274CA900CB907D /* ParseClient.swift in Sources */ = {isa = PBXBuildFile; fileRef = EA4C016A1E274CA900CB907D /* ParseClient.swift */; };
		EA4C016D1E274F3A00CB907D /* ParseClientConstants.swift in Sources */ = {isa = PBXBuildFile; fileRef = EA4C016C1E274F3A00CB907D /* ParseClientConstants.swift */; };
		EA8047601E29E0740051FEFB /* SharedData.swift in Sources */ = {isa = PBXBuildFile; fileRef = EA80475F1E29E0740051FEFB /* SharedData.swift */; };
		EA8047621E29E0A10051FEFB /* StudentLocation.swift in Sources */ = {isa = PBXBuildFile; fileRef = EA8047611E29E0A10051FEFB /* StudentLocation.swift */; };
		EA8047641E29E9B50051FEFB /* StudentConstants.swift in Sources */ = {isa = PBXBuildFile; fileRef = EA8047631E29E9B50051FEFB /* StudentConstants.swift */; };
		EA8047661E2ADA3E0051FEFB /* StudentLocationDownloader.swift in Sources */ = {isa = PBXBuildFile; fileRef = EA8047651E2ADA3E0051FEFB /* StudentLocationDownloader.swift */; };
		EA8047681E2AE15B0051FEFB /* GCDBlackBox.swift in Sources */ = {isa = PBXBuildFile; fileRef = EA8047671E2AE15B0051FEFB /* GCDBlackBox.swift */; };
		EA80476B1E2BBC5E0051FEFB /* InputLocationViewController.swift in Sources */ = {isa = PBXBuildFile; fileRef = EA80476A1E2BBC5E0051FEFB /* InputLocationViewController.swift */; };
		EA80476D1E2BBC7E0051FEFB /* InputUrlViewController.swift in Sources */ = {isa = PBXBuildFile; fileRef = EA80476C1E2BBC7E0051FEFB /* InputUrlViewController.swift */; };
		EA937C621E2EA52800352703 /* UdacityUser.swift in Sources */ = {isa = PBXBuildFile; fileRef = EA937C611E2EA52800352703 /* UdacityUser.swift */; };
		EA9540671E850B2A004263D6 /* UIAlertController+Extension.swift in Sources */ = {isa = PBXBuildFile; fileRef = EA9540661E850B2A004263D6 /* UIAlertController+Extension.swift */; };
		EABB38DC1E5EABBE0025A23D /* ErrorTypes.swift in Sources */ = {isa = PBXBuildFile; fileRef = EABB38DB1E5EABBE0025A23D /* ErrorTypes.swift */; };
		EAE8163F1E20977B00AC4406 /* AppDelegate.swift in Sources */ = {isa = PBXBuildFile; fileRef = EAE8163E1E20977B00AC4406 /* AppDelegate.swift */; };
		EAE816441E20977B00AC4406 /* Main.storyboard in Resources */ = {isa = PBXBuildFile; fileRef = EAE816421E20977B00AC4406 /* Main.storyboard */; };
		EAE816461E20977B00AC4406 /* Assets.xcassets in Resources */ = {isa = PBXBuildFile; fileRef = EAE816451E20977B00AC4406 /* Assets.xcassets */; };
		EAE816491E20977B00AC4406 /* LaunchScreen.storyboard in Resources */ = {isa = PBXBuildFile; fileRef = EAE816471E20977B00AC4406 /* LaunchScreen.storyboard */; };
		EAE816571E20988000AC4406 /* UdacityClient.swift in Sources */ = {isa = PBXBuildFile; fileRef = EAE816561E20988000AC4406 /* UdacityClient.swift */; };
		EAE816591E20A8C400AC4406 /* .gitignore in Resources */ = {isa = PBXBuildFile; fileRef = EAE816581E20A8C400AC4406 /* .gitignore */; };
		EAE8165B1E20AF6100AC4406 /* LoginViewController.swift in Sources */ = {isa = PBXBuildFile; fileRef = EAE8165A1E20AF6100AC4406 /* LoginViewController.swift */; };
/* End PBXBuildFile section */

/* Begin PBXFileReference section */
		EA04BC291E235272001DDCC2 /* UdacityClientConstants.swift */ = {isa = PBXFileReference; fileEncoding = 4; lastKnownFileType = sourcecode.swift; path = UdacityClientConstants.swift; sourceTree = "<group>"; };
		EA092F371E7A4F12002D92FA /* JsonHelper.swift */ = {isa = PBXFileReference; fileEncoding = 4; lastKnownFileType = sourcecode.swift; path = JsonHelper.swift; sourceTree = "<group>"; };
		EA4C01661E2730A400CB907D /* MapViewController.swift */ = {isa = PBXFileReference; fileEncoding = 4; lastKnownFileType = sourcecode.swift; path = MapViewController.swift; sourceTree = "<group>"; };
		EA4C016A1E274CA900CB907D /* ParseClient.swift */ = {isa = PBXFileReference; fileEncoding = 4; lastKnownFileType = sourcecode.swift; path = ParseClient.swift; sourceTree = "<group>"; };
		EA4C016C1E274F3A00CB907D /* ParseClientConstants.swift */ = {isa = PBXFileReference; fileEncoding = 4; lastKnownFileType = sourcecode.swift; path = ParseClientConstants.swift; sourceTree = "<group>"; };
		EA80475F1E29E0740051FEFB /* SharedData.swift */ = {isa = PBXFileReference; fileEncoding = 4; lastKnownFileType = sourcecode.swift; path = SharedData.swift; sourceTree = "<group>"; };
		EA8047611E29E0A10051FEFB /* StudentLocation.swift */ = {isa = PBXFileReference; fileEncoding = 4; lastKnownFileType = sourcecode.swift; path = StudentLocation.swift; sourceTree = "<group>"; };
		EA8047631E29E9B50051FEFB /* StudentConstants.swift */ = {isa = PBXFileReference; fileEncoding = 4; lastKnownFileType = sourcecode.swift; path = StudentConstants.swift; sourceTree = "<group>"; };
		EA8047651E2ADA3E0051FEFB /* StudentLocationDownloader.swift */ = {isa = PBXFileReference; fileEncoding = 4; lastKnownFileType = sourcecode.swift; path = StudentLocationDownloader.swift; sourceTree = "<group>"; };
		EA8047671E2AE15B0051FEFB /* GCDBlackBox.swift */ = {isa = PBXFileReference; fileEncoding = 4; lastKnownFileType = sourcecode.swift; path = GCDBlackBox.swift; sourceTree = "<group>"; };
		EA80476A1E2BBC5E0051FEFB /* InputLocationViewController.swift */ = {isa = PBXFileReference; fileEncoding = 4; lastKnownFileType = sourcecode.swift; path = InputLocationViewController.swift; sourceTree = "<group>"; };
		EA80476C1E2BBC7E0051FEFB /* InputUrlViewController.swift */ = {isa = PBXFileReference; fileEncoding = 4; lastKnownFileType = sourcecode.swift; path = InputUrlViewController.swift; sourceTree = "<group>"; };
		EA937C611E2EA52800352703 /* UdacityUser.swift */ = {isa = PBXFileReference; fileEncoding = 4; lastKnownFileType = sourcecode.swift; path = UdacityUser.swift; sourceTree = "<group>"; };
		EA9540661E850B2A004263D6 /* UIAlertController+Extension.swift */ = {isa = PBXFileReference; fileEncoding = 4; lastKnownFileType = sourcecode.swift; path = "UIAlertController+Extension.swift"; sourceTree = "<group>"; };
		EABB38DB1E5EABBE0025A23D /* ErrorTypes.swift */ = {isa = PBXFileReference; fileEncoding = 4; lastKnownFileType = sourcecode.swift; path = ErrorTypes.swift; sourceTree = "<group>"; };
		EAE8163B1E20977B00AC4406 /* OnTheMap.app */ = {isa = PBXFileReference; explicitFileType = wrapper.application; includeInIndex = 0; path = OnTheMap.app; sourceTree = BUILT_PRODUCTS_DIR; };
		EAE8163E1E20977B00AC4406 /* AppDelegate.swift */ = {isa = PBXFileReference; lastKnownFileType = sourcecode.swift; path = AppDelegate.swift; sourceTree = "<group>"; };
		EAE816431E20977B00AC4406 /* Base */ = {isa = PBXFileReference; lastKnownFileType = file.storyboard; name = Base; path = Base.lproj/Main.storyboard; sourceTree = "<group>"; };
		EAE816451E20977B00AC4406 /* Assets.xcassets */ = {isa = PBXFileReference; lastKnownFileType = folder.assetcatalog; path = Assets.xcassets; sourceTree = "<group>"; };
		EAE816481E20977B00AC4406 /* Base */ = {isa = PBXFileReference; lastKnownFileType = file.storyboard; name = Base; path = Base.lproj/LaunchScreen.storyboard; sourceTree = "<group>"; };
		EAE8164A1E20977B00AC4406 /* Info.plist */ = {isa = PBXFileReference; lastKnownFileType = text.plist.xml; path = Info.plist; sourceTree = "<group>"; };
		EAE816561E20988000AC4406 /* UdacityClient.swift */ = {isa = PBXFileReference; fileEncoding = 4; lastKnownFileType = sourcecode.swift; path = UdacityClient.swift; sourceTree = "<group>"; };
		EAE816581E20A8C400AC4406 /* .gitignore */ = {isa = PBXFileReference; fileEncoding = 4; lastKnownFileType = text; path = .gitignore; sourceTree = "<group>"; };
		EAE8165A1E20AF6100AC4406 /* LoginViewController.swift */ = {isa = PBXFileReference; fileEncoding = 4; lastKnownFileType = sourcecode.swift; path = LoginViewController.swift; sourceTree = "<group>"; };
/* End PBXFileReference section */

/* Begin PBXFrameworksBuildPhase section */
		EAE816381E20977B00AC4406 /* Frameworks */ = {
			isa = PBXFrameworksBuildPhase;
			buildActionMask = 2147483647;
			files = (
			);
			runOnlyForDeploymentPostprocessing = 0;
		};
/* End PBXFrameworksBuildPhase section */

/* Begin PBXGroup section */
		EA092F361E7A4EDB002D92FA /* Helper */ = {
			isa = PBXGroup;
			children = (
				EA092F371E7A4F12002D92FA /* JsonHelper.swift */,
			);
			name = Helper;
			sourceTree = "<group>";
		};
		EA4C01681E274C4100CB907D /* Udacity */ = {
			isa = PBXGroup;
			children = (
				EAE816561E20988000AC4406 /* UdacityClient.swift */,
				EA04BC291E235272001DDCC2 /* UdacityClientConstants.swift */,
			);
			name = Udacity;
			sourceTree = "<group>";
		};
		EA4C01691E274C5F00CB907D /* Parse */ = {
			isa = PBXGroup;
			children = (
				EA4C016A1E274CA900CB907D /* ParseClient.swift */,
				EA4C016C1E274F3A00CB907D /* ParseClientConstants.swift */,
			);
			name = Parse;
			sourceTree = "<group>";
		};
		EA8047691E2AE1690051FEFB /* Utility */ = {
			isa = PBXGroup;
			children = (
				EA8047671E2AE15B0051FEFB /* GCDBlackBox.swift */,
				EABB38DB1E5EABBE0025A23D /* ErrorTypes.swift */,
			);
			name = Utility;
			sourceTree = "<group>";
		};
		EA9540651E850B14004263D6 /* Extension */ = {
			isa = PBXGroup;
			children = (
				EA9540661E850B2A004263D6 /* UIAlertController+Extension.swift */,
			);
			name = Extension;
			sourceTree = "<group>";
		};
		EAE816321E20977B00AC4406 = {
			isa = PBXGroup;
			children = (
				EAE8163D1E20977B00AC4406 /* OnTheMap */,
				EAE8163C1E20977B00AC4406 /* Products */,
			);
			sourceTree = "<group>";
		};
		EAE8163C1E20977B00AC4406 /* Products */ = {
			isa = PBXGroup;
			children = (
				EAE8163B1E20977B00AC4406 /* OnTheMap.app */,
			);
			name = Products;
			sourceTree = "<group>";
		};
		EAE8163D1E20977B00AC4406 /* OnTheMap */ = {
			isa = PBXGroup;
			children = (
				EAE8163E1E20977B00AC4406 /* AppDelegate.swift */,
				EAE816541E20986D00AC4406 /* Client */,
				EAE816531E2097D600AC4406 /* Model */,
				EAE816501E20979600AC4406 /* View */,
				EAE816521E2097C900AC4406 /* Controller */,
				EA8047691E2AE1690051FEFB /* Utility */,
				EA9540651E850B14004263D6 /* Extension */,
				EAE816511E2097AE00AC4406 /* Support */,
			);
			path = OnTheMap;
			sourceTree = "<group>";
		};
		EAE816501E20979600AC4406 /* View */ = {
			isa = PBXGroup;
			children = (
				EAE816421E20977B00AC4406 /* Main.storyboard */,
				EAE816471E20977B00AC4406 /* LaunchScreen.storyboard */,
				EAE816451E20977B00AC4406 /* Assets.xcassets */,
			);
			name = View;
			sourceTree = "<group>";
		};
		EAE816511E2097AE00AC4406 /* Support */ = {
			isa = PBXGroup;
			children = (
				EAE816581E20A8C400AC4406 /* .gitignore */,
				EAE8164A1E20977B00AC4406 /* Info.plist */,
			);
			name = Support;
			sourceTree = "<group>";
		};
		EAE816521E2097C900AC4406 /* Controller */ = {
			isa = PBXGroup;
			children = (
				EAE8165A1E20AF6100AC4406 /* LoginViewController.swift */,
				EA4C01661E2730A400CB907D /* MapViewController.swift */,
				EA8047651E2ADA3E0051FEFB /* StudentLocationDownloader.swift */,
				EA80476A1E2BBC5E0051FEFB /* InputLocationViewController.swift */,
				EA80476C1E2BBC7E0051FEFB /* InputUrlViewController.swift */,
			);
			name = Controller;
			sourceTree = "<group>";
		};
		EAE816531E2097D600AC4406 /* Model */ = {
			isa = PBXGroup;
			children = (
				EA80475F1E29E0740051FEFB /* SharedData.swift */,
				EA937C611E2EA52800352703 /* UdacityUser.swift */,
				EA8047611E29E0A10051FEFB /* StudentLocation.swift */,
				EA8047631E29E9B50051FEFB /* StudentConstants.swift */,
			);
			name = Model;
			sourceTree = "<group>";
		};
		EAE816541E20986D00AC4406 /* Client */ = {
			isa = PBXGroup;
			children = (
				EA092F361E7A4EDB002D92FA /* Helper */,
				EA4C01691E274C5F00CB907D /* Parse */,
				EA4C01681E274C4100CB907D /* Udacity */,
			);
			name = Client;
			sourceTree = "<group>";
		};
/* End PBXGroup section */

/* Begin PBXNativeTarget section */
		EAE8163A1E20977B00AC4406 /* OnTheMap */ = {
			isa = PBXNativeTarget;
			buildConfigurationList = EAE8164D1E20977B00AC4406 /* Build configuration list for PBXNativeTarget "OnTheMap" */;
			buildPhases = (
				EAE816371E20977B00AC4406 /* Sources */,
				EAE816381E20977B00AC4406 /* Frameworks */,
				EAE816391E20977B00AC4406 /* Resources */,
			);
			buildRules = (
			);
			dependencies = (
			);
			name = OnTheMap;
			productName = OnTheMap;
			productReference = EAE8163B1E20977B00AC4406 /* OnTheMap.app */;
			productType = "com.apple.product-type.application";
		};
/* End PBXNativeTarget section */

/* Begin PBXProject section */
		EAE816331E20977B00AC4406 /* Project object */ = {
			isa = PBXProject;
			attributes = {
				LastSwiftUpdateCheck = 0820;
				LastUpgradeCheck = 0820;
				ORGANIZATIONNAME = "ivan lares";
				TargetAttributes = {
					EAE8163A1E20977B00AC4406 = {
						CreatedOnToolsVersion = 8.2;
						DevelopmentTeam = 7QMFZ4YQ9F;
						ProvisioningStyle = Automatic;
					};
				};
			};
			buildConfigurationList = EAE816361E20977B00AC4406 /* Build configuration list for PBXProject "OnTheMap" */;
			compatibilityVersion = "Xcode 3.2";
			developmentRegion = English;
			hasScannedForEncodings = 0;
			knownRegions = (
				en,
				Base,
			);
			mainGroup = EAE816321E20977B00AC4406;
			productRefGroup = EAE8163C1E20977B00AC4406 /* Products */;
			projectDirPath = "";
			projectRoot = "";
			targets = (
				EAE8163A1E20977B00AC4406 /* OnTheMap */,
			);
		};
/* End PBXProject section */

/* Begin PBXResourcesBuildPhase section */
		EAE816391E20977B00AC4406 /* Resources */ = {
			isa = PBXResourcesBuildPhase;
			buildActionMask = 2147483647;
			files = (
				EAE816591E20A8C400AC4406 /* .gitignore in Resources */,
				EAE816491E20977B00AC4406 /* LaunchScreen.storyboard in Resources */,
				EAE816461E20977B00AC4406 /* Assets.xcassets in Resources */,
				EAE816441E20977B00AC4406 /* Main.storyboard in Resources */,
			);
			runOnlyForDeploymentPostprocessing = 0;
		};
/* End PBXResourcesBuildPhase section */

/* Begin PBXSourcesBuildPhase section */
		EAE816371E20977B00AC4406 /* Sources */ = {
			isa = PBXSourcesBuildPhase;
			buildActionMask = 2147483647;
			files = (
				EA8047621E29E0A10051FEFB /* StudentLocation.swift in Sources */,
				EA80476D1E2BBC7E0051FEFB /* InputUrlViewController.swift in Sources */,
				EA80476B1E2BBC5E0051FEFB /* InputLocationViewController.swift in Sources */,
				EA9540671E850B2A004263D6 /* UIAlertController+Extension.swift in Sources */,
				EA8047641E29E9B50051FEFB /* StudentConstants.swift in Sources */,
				EA4C016D1E274F3A00CB907D /* ParseClientConstants.swift in Sources */,
				EA4C016B1E274CA900CB907D /* ParseClient.swift in Sources */,
				EABB38DC1E5EABBE0025A23D /* ErrorTypes.swift in Sources */,
				EA937C621E2EA52800352703 /* UdacityUser.swift in Sources */,
				EA8047681E2AE15B0051FEFB /* GCDBlackBox.swift in Sources */,
				EAE8165B1E20AF6100AC4406 /* LoginViewController.swift in Sources */,
				EAE816571E20988000AC4406 /* UdacityClient.swift in Sources */,
				EA8047601E29E0740051FEFB /* SharedData.swift in Sources */,
				EA04BC2A1E235272001DDCC2 /* UdacityClientConstants.swift in Sources */,
				EA092F381E7A4F12002D92FA /* JsonHelper.swift in Sources */,
				EA4C01671E2730A400CB907D /* MapViewController.swift in Sources */,
				EAE8163F1E20977B00AC4406 /* AppDelegate.swift in Sources */,
				EA8047661E2ADA3E0051FEFB /* StudentLocationDownloader.swift in Sources */,
			);
			runOnlyForDeploymentPostprocessing = 0;
		};
/* End PBXSourcesBuildPhase section */

/* Begin PBXVariantGroup section */
		EAE816421E20977B00AC4406 /* Main.storyboard */ = {
			isa = PBXVariantGroup;
			children = (
				EAE816431E20977B00AC4406 /* Base */,
			);
			name = Main.storyboard;
			sourceTree = "<group>";
		};
		EAE816471E20977B00AC4406 /* LaunchScreen.storyboard */ = {
			isa = PBXVariantGroup;
			children = (
				EAE816481E20977B00AC4406 /* Base */,
			);
			name = LaunchScreen.storyboard;
			sourceTree = "<group>";
		};
/* End PBXVariantGroup section */

/* Begin XCBuildConfiguration section */
		EAE8164B1E20977B00AC4406 /* Debug */ = {
			isa = XCBuildConfiguration;
			buildSettings = {
				ALWAYS_SEARCH_USER_PATHS = YES;
				CLANG_ANALYZER_NONNULL = YES;
				CLANG_CXX_LANGUAGE_STANDARD = "gnu++0x";
				CLANG_CXX_LIBRARY = "libc++";
				CLANG_ENABLE_MODULES = YES;
				CLANG_ENABLE_OBJC_ARC = YES;
				CLANG_WARN_BOOL_CONVERSION = YES;
				CLANG_WARN_CONSTANT_CONVERSION = YES;
				CLANG_WARN_DIRECT_OBJC_ISA_USAGE = YES_ERROR;
				CLANG_WARN_DOCUMENTATION_COMMENTS = YES;
				CLANG_WARN_EMPTY_BODY = YES;
				CLANG_WARN_ENUM_CONVERSION = YES;
				CLANG_WARN_INFINITE_RECURSION = YES;
				CLANG_WARN_INT_CONVERSION = YES;
				CLANG_WARN_OBJC_ROOT_CLASS = YES_ERROR;
				CLANG_WARN_SUSPICIOUS_MOVE = YES;
				CLANG_WARN_UNREACHABLE_CODE = YES;
				CLANG_WARN__DUPLICATE_METHOD_MATCH = YES;
				"CODE_SIGN_IDENTITY[sdk=iphoneos*]" = "iPhone Developer";
				COPY_PHASE_STRIP = NO;
				DEBUG_INFORMATION_FORMAT = dwarf;
				ENABLE_STRICT_OBJC_MSGSEND = YES;
				ENABLE_TESTABILITY = YES;
				GCC_C_LANGUAGE_STANDARD = gnu99;
				GCC_DYNAMIC_NO_PIC = NO;
				GCC_NO_COMMON_BLOCKS = YES;
				GCC_OPTIMIZATION_LEVEL = 0;
				GCC_PREPROCESSOR_DEFINITIONS = (
					"DEBUG=1",
					"$(inherited)",
				);
				GCC_WARN_64_TO_32_BIT_CONVERSION = YES;
				GCC_WARN_ABOUT_RETURN_TYPE = YES_ERROR;
				GCC_WARN_UNDECLARED_SELECTOR = YES;
				GCC_WARN_UNINITIALIZED_AUTOS = YES_AGGRESSIVE;
				GCC_WARN_UNUSED_FUNCTION = YES;
				GCC_WARN_UNUSED_VARIABLE = YES;
				IPHONEOS_DEPLOYMENT_TARGET = 10.2;
				MTL_ENABLE_DEBUG_INFO = YES;
				ONLY_ACTIVE_ARCH = YES;
				SDKROOT = iphoneos;
				SWIFT_ACTIVE_COMPILATION_CONDITIONS = DEBUG;
				SWIFT_OPTIMIZATION_LEVEL = "-Onone";
				TARGETED_DEVICE_FAMILY = "1,2";
			};
			name = Debug;
		};
		EAE8164C1E20977B00AC4406 /* Release */ = {
			isa = XCBuildConfiguration;
			buildSettings = {
				ALWAYS_SEARCH_USER_PATHS = YES;
				CLANG_ANALYZER_NONNULL = YES;
				CLANG_CXX_LANGUAGE_STANDARD = "gnu++0x";
				CLANG_CXX_LIBRARY = "libc++";
				CLANG_ENABLE_MODULES = YES;
				CLANG_ENABLE_OBJC_ARC = YES;
				CLANG_WARN_BOOL_CONVERSION = YES;
				CLANG_WARN_CONSTANT_CONVERSION = YES;
				CLANG_WARN_DIRECT_OBJC_ISA_USAGE = YES_ERROR;
				CLANG_WARN_DOCUMENTATION_COMMENTS = YES;
				CLANG_WARN_EMPTY_BODY = YES;
				CLANG_WARN_ENUM_CONVERSION = YES;
				CLANG_WARN_INFINITE_RECURSION = YES;
				CLANG_WARN_INT_CONVERSION = YES;
				CLANG_WARN_OBJC_ROOT_CLASS = YES_ERROR;
				CLANG_WARN_SUSPICIOUS_MOVE = YES;
				CLANG_WARN_UNREACHABLE_CODE = YES;
				CLANG_WARN__DUPLICATE_METHOD_MATCH = YES;
				"CODE_SIGN_IDENTITY[sdk=iphoneos*]" = "iPhone Developer";
				COPY_PHASE_STRIP = NO;
				DEBUG_INFORMATION_FORMAT = "dwarf-with-dsym";
				ENABLE_NS_ASSERTIONS = NO;
				ENABLE_STRICT_OBJC_MSGSEND = YES;
				GCC_C_LANGUAGE_STANDARD = gnu99;
				GCC_NO_COMMON_BLOCKS = YES;
				GCC_WARN_64_TO_32_BIT_CONVERSION = YES;
				GCC_WARN_ABOUT_RETURN_TYPE = YES_ERROR;
				GCC_WARN_UNDECLARED_SELECTOR = YES;
				GCC_WARN_UNINITIALIZED_AUTOS = YES_AGGRESSIVE;
				GCC_WARN_UNUSED_FUNCTION = YES;
				GCC_WARN_UNUSED_VARIABLE = YES;
				IPHONEOS_DEPLOYMENT_TARGET = 10.2;
				MTL_ENABLE_DEBUG_INFO = NO;
				SDKROOT = iphoneos;
				SWIFT_OPTIMIZATION_LEVEL = "-Owholemodule";
				TARGETED_DEVICE_FAMILY = "1,2";
				VALIDATE_PRODUCT = YES;
			};
			name = Release;
		};
		EAE8164E1E20977B00AC4406 /* Debug */ = {
			isa = XCBuildConfiguration;
			buildSettings = {
				ASSETCATALOG_COMPILER_APPICON_NAME = AppIcon;
				DEVELOPMENT_TEAM = 7QMFZ4YQ9F;
				INFOPLIST_FILE = OnTheMap/Info.plist;
				LD_RUNPATH_SEARCH_PATHS = "$(inherited) @executable_path/Frameworks";
				PRODUCT_BUNDLE_IDENTIFIER = laresivan.com.OnTheMap;
				PRODUCT_NAME = "$(TARGET_NAME)";
				SWIFT_VERSION = 3.0;
			};
			name = Debug;
		};
		EAE8164F1E20977B00AC4406 /* Release */ = {
			isa = XCBuildConfiguration;
			buildSettings = {
				ASSETCATALOG_COMPILER_APPICON_NAME = AppIcon;
				DEVELOPMENT_TEAM = 7QMFZ4YQ9F;
				INFOPLIST_FILE = OnTheMap/Info.plist;
				LD_RUNPATH_SEARCH_PATHS = "$(inherited) @executable_path/Frameworks";
				PRODUCT_BUNDLE_IDENTIFIER = laresivan.com.OnTheMap;
				PRODUCT_NAME = "$(TARGET_NAME)";
				SWIFT_VERSION = 3.0;
			};
			name = Release;
		};
/* End XCBuildConfiguration section */

/* Begin XCConfigurationList section */
		EAE816361E20977B00AC4406 /* Build configuration list for PBXProject "OnTheMap" */ = {
			isa = XCConfigurationList;
			buildConfigurations = (
				EAE8164B1E20977B00AC4406 /* Debug */,
				EAE8164C1E20977B00AC4406 /* Release */,
			);
			defaultConfigurationIsVisible = 0;
			defaultConfigurationName = Release;
		};
		EAE8164D1E20977B00AC4406 /* Build configuration list for PBXNativeTarget "OnTheMap" */ = {
			isa = XCConfigurationList;
			buildConfigurations = (
				EAE8164E1E20977B00AC4406 /* Debug */,
				EAE8164F1E20977B00AC4406 /* Release */,
			);
			defaultConfigurationIsVisible = 0;
			defaultConfigurationName = Release;
		};
/* End XCConfigurationList section */
	};
	rootObject = EAE816331E20977B00AC4406 /* Project object */;
}
